
Microsoft Visual Studio Solution File, Format Version 12.00
# Visual Studio Version 17
VisualStudioVersion = 17.3.32811.315
MinimumVisualStudioVersion = 10.0.40219.1
Project("{FAE04EC0-301F-11D3-BF4B-00C04F79EFBC}") = "DockSample", "DockSample\DockSample.csproj", "{B71028F4-AE16-4799-9790-A0EF12E239C9}"
EndProject
Project("{FAE04EC0-301F-11D3-BF4B-00C04F79EFBC}") = "QuickStart", "QuickStart\QuickStart.csproj", "{7833B090-A38E-42A2-8C94-1AC397D75F23}"
EndProject
Project("{9A19103F-16F7-4668-BE54-9A1E7A4F7556}") = "WpfDocking.net60", "..\..\..\Src\WpfDocking.net60.csproj", "{09C8EB48-BD7B-49C5-A767-B3AF8471695D}"
EndProject
Project("{FAE04EC0-301F-11D3-BF4B-00C04F79EFBC}") = "Themes", "Themes\Themes.csproj", "{FB154930-8D9B-49C7-BC0B-A02D7121965B}"
EndProject
Project("{FAE04EC0-301F-11D3-BF4B-00C04F79EFBC}") = "BrowserDockSample", "BrowserDockSample\BrowserDockSample.csproj", "{288382ED-E7B6-4825-99B8-8368A0D96B09}"
EndProject
Project("{FAE04EC0-301F-11D3-BF4B-00C04F79EFBC}") = "WindowDockSample", "WindowDockSample\WindowDockSample.csproj", "{5A2E82E6-839F-4BE9-9796-C8B1D3B33E1C}"
EndProject
Global
	GlobalSection(SolutionConfigurationPlatforms) = preSolution
		Debug|Any CPU = Debug|Any CPU
		Release|Any CPU = Release|Any CPU
	EndGlobalSection
	GlobalSection(ProjectConfigurationPlatforms) = postSolution
		{B71028F4-AE16-4799-9790-A0EF12E239C9}.Debug|Any CPU.ActiveCfg = Debug|Any CPU
		{B71028F4-AE16-4799-9790-A0EF12E239C9}.Debug|Any CPU.Build.0 = Debug|Any CPU
		{B71028F4-AE16-4799-9790-A0EF12E239C9}.Release|Any CPU.ActiveCfg = Release|Any CPU
		{B71028F4-AE16-4799-9790-A0EF12E239C9}.Release|Any CPU.Build.0 = Release|Any CPU
		{7833B090-A38E-42A2-8C94-1AC397D75F23}.Debug|Any CPU.ActiveCfg = Debug|Any CPU
		{7833B090-A38E-42A2-8C94-1AC397D75F23}.Debug|Any CPU.Build.0 = Debug|Any CPU
		{7833B090-A38E-42A2-8C94-1AC397D75F23}.Release|Any CPU.ActiveCfg = Release|Any CPU
		{7833B090-A38E-42A2-8C94-1AC397D75F23}.Release|Any CPU.Build.0 = Release|Any CPU
		{09C8EB48-BD7B-49C5-A767-B3AF8471695D}.Debug|Any CPU.ActiveCfg = Debug|Any CPU
		{09C8EB48-BD7B-49C5-A767-B3AF8471695D}.Debug|Any CPU.Build.0 = Debug|Any CPU
		{09C8EB48-BD7B-49C5-A767-B3AF8471695D}.Release|Any CPU.ActiveCfg = Release|Any CPU
		{09C8EB48-BD7B-49C5-A767-B3AF8471695D}.Release|Any CPU.Build.0 = Release|Any CPU
		{FB154930-8D9B-49C7-BC0B-A02D7121965B}.Debug|Any CPU.ActiveCfg = Debug|Any CPU
		{FB154930-8D9B-49C7-BC0B-A02D7121965B}.Debug|Any CPU.Build.0 = Debug|Any CPU
		{FB154930-8D9B-49C7-BC0B-A02D7121965B}.Release|Any CPU.ActiveCfg = Release|Any CPU
		{FB154930-8D9B-49C7-BC0B-A02D7121965B}.Release|Any CPU.Build.0 = Release|Any CPU
		{288382ED-E7B6-4825-99B8-8368A0D96B09}.Debug|Any CPU.ActiveCfg = Debug|Any CPU
		{288382ED-E7B6-4825-99B8-8368A0D96B09}.Debug|Any CPU.Build.0 = Debug|Any CPU
		{288382ED-E7B6-4825-99B8-8368A0D96B09}.Release|Any CPU.ActiveCfg = Release|Any CPU
		{288382ED-E7B6-4825-99B8-8368A0D96B09}.Release|Any CPU.Build.0 = Release|Any CPU
		{5A2E82E6-839F-4BE9-9796-C8B1D3B33E1C}.Debug|Any CPU.ActiveCfg = Debug|Any CPU
		{5A2E82E6-839F-4BE9-9796-C8B1D3B33E1C}.Debug|Any CPU.Build.0 = Debug|Any CPU
		{5A2E82E6-839F-4BE9-9796-C8B1D3B33E1C}.Release|Any CPU.ActiveCfg = Release|Any CPU
		{5A2E82E6-839F-4BE9-9796-C8B1D3B33E1C}.Release|Any CPU.Build.0 = Release|Any CPU
	EndGlobalSection
	GlobalSection(SolutionProperties) = preSolution
		HideSolutionNode = FALSE
	EndGlobalSection
	GlobalSection(ExtensibilityGlobals) = postSolution
		SolutionGuid = {7FF9545C-A525-420D-BE95-BB08938FA6AD}
	EndGlobalSection
EndGlobal
